
Microsoft Visual Studio Solution File, Format Version 12.00
# Visual Studio Version 16
VisualStudioVersion = 16.0.29609.76
MinimumVisualStudioVersion = 10.0.40219.1
Project("{FAE04EC0-301F-11D3-BF4B-00C04F79EFBC}") = "PokemonTCG", "PokemonTCG\PokemonTCG.csproj", "{48909B7C-6DCA-44FC-9286-B1A0F4E84D53}"
EndProject
Global
	GlobalSection(SolutionConfigurationPlatforms) = preSolution
		Debug|Any CPU = Debug|Any CPU
		Release|Any CPU = Release|Any CPU
	EndGlobalSection
	GlobalSection(ProjectConfigurationPlatforms) = postSolution
		{48909B7C-6DCA-44FC-9286-B1A0F4E84D53}.Debug|Any CPU.ActiveCfg = Debug|Any CPU
		{48909B7C-6DCA-44FC-9286-B1A0F4E84D53}.Debug|Any CPU.Build.0 = Debug|Any CPU
		{48909B7C-6DCA-44FC-9286-B1A0F4E84D53}.Release|Any CPU.ActiveCfg = Release|Any CPU
		{48909B7C-6DCA-44FC-9286-B1A0F4E84D53}.Release|Any CPU.Build.0 = Release|Any CPU
	EndGlobalSection
	GlobalSection(SolutionProperties) = preSolution
		HideSolutionNode = FALSE
	EndGlobalSection
	GlobalSection(ExtensibilityGlobals) = postSolution
		SolutionGuid = {A0063A42-90FB-4C0C-AC6C-BE309B324433}
	EndGlobalSection
EndGlobal
